
Microsoft Visual Studio Solution File, Format Version 12.00
# Visual Studio Version 16
VisualStudioVersion = 16.0.29728.190
MinimumVisualStudioVersion = 10.0.40219.1
Project("{9A19103F-16F7-4668-BE54-9A1E7A4F7556}") = "Etcd.DotNetCore.Test", "Etcd.DotNetCore.Test\Etcd.DotNetCore.Test.csproj", "{E9C0F679-B296-4728-AFDC-81416E37F999}"
EndProject
Project("{FAE04EC0-301F-11D3-BF4B-00C04F79EFBC}") = "EtcdNet.Test", "EtcdNet.Test\EtcdNet.Test.csproj", "{1772E1B0-A257-4F36-8066-11F66B723CD9}"
EndProject
Global
	GlobalSection(SolutionConfigurationPlatforms) = preSolution
		Debug|Any CPU = Debug|Any CPU
		Release|Any CPU = Release|Any CPU
	EndGlobalSection
	GlobalSection(ProjectConfigurationPlatforms) = postSolution
		{E9C0F679-B296-4728-AFDC-81416E37F999}.Debug|Any CPU.ActiveCfg = Debug|Any CPU
		{E9C0F679-B296-4728-AFDC-81416E37F999}.Debug|Any CPU.Build.0 = Debug|Any CPU
		{E9C0F679-B296-4728-AFDC-81416E37F999}.Release|Any CPU.ActiveCfg = Release|Any CPU
		{E9C0F679-B296-4728-AFDC-81416E37F999}.Release|Any CPU.Build.0 = Release|Any CPU
		{1772E1B0-A257-4F36-8066-11F66B723CD9}.Debug|Any CPU.ActiveCfg = Debug|Any CPU
		{1772E1B0-A257-4F36-8066-11F66B723CD9}.Debug|Any CPU.Build.0 = Debug|Any CPU
		{1772E1B0-A257-4F36-8066-11F66B723CD9}.Release|Any CPU.ActiveCfg = Release|Any CPU
		{1772E1B0-A257-4F36-8066-11F66B723CD9}.Release|Any CPU.Build.0 = Release|Any CPU
	EndGlobalSection
	GlobalSection(SolutionProperties) = preSolution
		HideSolutionNode = FALSE
	EndGlobalSection
	GlobalSection(ExtensibilityGlobals) = postSolution
		SolutionGuid = {458E4559-6E41-42DB-BF87-06E165266F7E}
	EndGlobalSection
EndGlobal
